
Microsoft Visual Studio Solution File, Format Version 12.00
# Visual Studio Version 17
VisualStudioVersion = 17.8.0.0
MinimumVisualStudioVersion = 17.8.0.0
Project("{9A19103F-16F7-4668-BE54-9A1E7A4F7556}") = "WebSocketChatServer.AppHost.AppHost", "WebSocketChatServer.AppHost.AppHost\WebSocketChatServer.AppHost.AppHost.csproj", "{3532924B-1034-48C1-81B0-199B3011AF4B}"
EndProject
Project("{9A19103F-16F7-4668-BE54-9A1E7A4F7556}") = "WebSocketChatServer.AppHost.ServiceDefaults", "WebSocketChatServer.AppHost.ServiceDefaults\WebSocketChatServer.AppHost.ServiceDefaults.csproj", "{F71516E1-718B-4B08-898B-5A606BE2F8E6}"
EndProject
Project("{FAE04EC0-301F-11D3-BF4B-00C04F79EFBC}") = "WebSocketChatServer1", "WebSocketChatServer1\WebSocketChatServer1.csproj", "{CF69DB3C-E316-3077-C0F5-1EBF187A3954}"
EndProject
Project("{FAE04EC0-301F-11D3-BF4B-00C04F79EFBC}") = "WebSocketChatServer.UserApi", "WebSocketChatServer.UserApi\WebSocketChatServer.UserApi.csproj", "{57F24D41-0BDA-E862-EC7A-D7E9901A7A53}"
EndProject
Global
	GlobalSection(SolutionConfigurationPlatforms) = preSolution
		Debug|Any CPU = Debug|Any CPU
		Debug|x64 = Debug|x64
		Debug|x86 = Debug|x86
		Release|Any CPU = Release|Any CPU
		Release|x64 = Release|x64
		Release|x86 = Release|x86
	EndGlobalSection
	GlobalSection(ProjectConfigurationPlatforms) = postSolution
		{3532924B-1034-48C1-81B0-199B3011AF4B}.Debug|Any CPU.ActiveCfg = Debug|Any CPU
		{3532924B-1034-48C1-81B0-199B3011AF4B}.Debug|Any CPU.Build.0 = Debug|Any CPU
		{3532924B-1034-48C1-81B0-199B3011AF4B}.Debug|x64.ActiveCfg = Debug|Any CPU
		{3532924B-1034-48C1-81B0-199B3011AF4B}.Debug|x64.Build.0 = Debug|Any CPU
		{3532924B-1034-48C1-81B0-199B3011AF4B}.Debug|x86.ActiveCfg = Debug|Any CPU
		{3532924B-1034-48C1-81B0-199B3011AF4B}.Debug|x86.Build.0 = Debug|Any CPU
		{3532924B-1034-48C1-81B0-199B3011AF4B}.Release|Any CPU.ActiveCfg = Release|Any CPU
		{3532924B-1034-48C1-81B0-199B3011AF4B}.Release|Any CPU.Build.0 = Release|Any CPU
		{3532924B-1034-48C1-81B0-199B3011AF4B}.Release|x64.ActiveCfg = Release|Any CPU
		{3532924B-1034-48C1-81B0-199B3011AF4B}.Release|x64.Build.0 = Release|Any CPU
		{3532924B-1034-48C1-81B0-199B3011AF4B}.Release|x86.ActiveCfg = Release|Any CPU
		{3532924B-1034-48C1-81B0-199B3011AF4B}.Release|x86.Build.0 = Release|Any CPU
		{F71516E1-718B-4B08-898B-5A606BE2F8E6}.Debug|Any CPU.ActiveCfg = Debug|Any CPU
		{F71516E1-718B-4B08-898B-5A606BE2F8E6}.Debug|Any CPU.Build.0 = Debug|Any CPU
		{F71516E1-718B-4B08-898B-5A606BE2F8E6}.Debug|x64.ActiveCfg = Debug|Any CPU
		{F71516E1-718B-4B08-898B-5A606BE2F8E6}.Debug|x64.Build.0 = Debug|Any CPU
		{F71516E1-718B-4B08-898B-5A606BE2F8E6}.Debug|x86.ActiveCfg = Debug|Any CPU
		{F71516E1-718B-4B08-898B-5A606BE2F8E6}.Debug|x86.Build.0 = Debug|Any CPU
		{F71516E1-718B-4B08-898B-5A606BE2F8E6}.Release|Any CPU.ActiveCfg = Release|Any CPU
		{F71516E1-718B-4B08-898B-5A606BE2F8E6}.Release|Any CPU.Build.0 = Release|Any CPU
		{F71516E1-718B-4B08-898B-5A606BE2F8E6}.Release|x64.ActiveCfg = Release|Any CPU
		{F71516E1-718B-4B08-898B-5A606BE2F8E6}.Release|x64.Build.0 = Release|Any CPU
		{F71516E1-718B-4B08-898B-5A606BE2F8E6}.Release|x86.ActiveCfg = Release|Any CPU
		{F71516E1-718B-4B08-898B-5A606BE2F8E6}.Release|x86.Build.0 = Release|Any CPU
		{CF69DB3C-E316-3077-C0F5-1EBF187A3954}.Debug|Any CPU.ActiveCfg = Debug|Any CPU
		{CF69DB3C-E316-3077-C0F5-1EBF187A3954}.Debug|Any CPU.Build.0 = Debug|Any CPU
		{CF69DB3C-E316-3077-C0F5-1EBF187A3954}.Debug|x64.ActiveCfg = Debug|Any CPU
		{CF69DB3C-E316-3077-C0F5-1EBF187A3954}.Debug|x64.Build.0 = Debug|Any CPU
		{CF69DB3C-E316-3077-C0F5-1EBF187A3954}.Debug|x86.ActiveCfg = Debug|Any CPU
		{CF69DB3C-E316-3077-C0F5-1EBF187A3954}.Debug|x86.Build.0 = Debug|Any CPU
		{CF69DB3C-E316-3077-C0F5-1EBF187A3954}.Release|Any CPU.ActiveCfg = Release|Any CPU
		{CF69DB3C-E316-3077-C0F5-1EBF187A3954}.Release|Any CPU.Build.0 = Release|Any CPU
		{CF69DB3C-E316-3077-C0F5-1EBF187A3954}.Release|x64.ActiveCfg = Release|Any CPU
		{CF69DB3C-E316-3077-C0F5-1EBF187A3954}.Release|x64.Build.0 = Release|Any CPU
		{CF69DB3C-E316-3077-C0F5-1EBF187A3954}.Release|x86.ActiveCfg = Release|Any CPU
		{CF69DB3C-E316-3077-C0F5-1EBF187A3954}.Release|x86.Build.0 = Release|Any CPU
		{57F24D41-0BDA-E862-EC7A-D7E9901A7A53}.Debug|Any CPU.ActiveCfg = Debug|Any CPU
		{57F24D41-0BDA-E862-EC7A-D7E9901A7A53}.Debug|Any CPU.Build.0 = Debug|Any CPU
		{57F24D41-0BDA-E862-EC7A-D7E9901A7A53}.Debug|x64.ActiveCfg = Debug|Any CPU
		{57F24D41-0BDA-E862-EC7A-D7E9901A7A53}.Debug|x64.Build.0 = Debug|Any CPU
		{57F24D41-0BDA-E862-EC7A-D7E9901A7A53}.Debug|x86.ActiveCfg = Debug|Any CPU
		{57F24D41-0BDA-E862-EC7A-D7E9901A7A53}.Debug|x86.Build.0 = Debug|Any CPU
		{57F24D41-0BDA-E862-EC7A-D7E9901A7A53}.Release|Any CPU.ActiveCfg = Release|Any CPU
		{57F24D41-0BDA-E862-EC7A-D7E9901A7A53}.Release|Any CPU.Build.0 = Release|Any CPU
		{57F24D41-0BDA-E862-EC7A-D7E9901A7A53}.Release|x64.ActiveCfg = Release|Any CPU
		{57F24D41-0BDA-E862-EC7A-D7E9901A7A53}.Release|x64.Build.0 = Release|Any CPU
		{57F24D41-0BDA-E862-EC7A-D7E9901A7A53}.Release|x86.ActiveCfg = Release|Any CPU
		{57F24D41-0BDA-E862-EC7A-D7E9901A7A53}.Release|x86.Build.0 = Release|Any CPU
	EndGlobalSection
	GlobalSection(SolutionProperties) = preSolution
		HideSolutionNode = FALSE
	EndGlobalSection
	GlobalSection(ExtensibilityGlobals) = postSolution
		SolutionGuid = {D7A59B68-6467-4A40-A6DF-44EFABC490CF}
	EndGlobalSection
EndGlobal
