Microsoft Visual Studio Solution File, Format Version 12.00
# Visual Studio Version 17
VisualStudioVersion = 17.5.2.0
MinimumVisualStudioVersion = 10.0.40219.1
Project("{FAE04EC0-301F-11D3-BF4B-00C04F79EFBC}") = "WebSocketChatServer1", "WebSocketChatServer1.csproj", "{5F6CF946-3667-08BE-0573-8FC566D712F8}"
EndProject
Project("{FAE04EC0-301F-11D3-BF4B-00C04F79EFBC}") = "WebSocketChatClient1", "..\..\WebSocketChatClient1\WebSocketChatClient1\WebSocketChatClient1.csproj", "{C620B618-D680-27DA-25CC-A4FC0866ED00}"
EndProject
Project("{FAE04EC0-301F-11D3-BF4B-00C04F79EFBC}") = "WebSocketChatShared", "..\WebSocketChatShared\WebSocketChatShared.csproj", "{5C0AEAE1-053C-55E4-3DCB-2802C002CF9C}"
EndProject
Global
	GlobalSection(SolutionConfigurationPlatforms) = preSolution
		Debug|Any CPU = Debug|Any CPU
		Release|Any CPU = Release|Any CPU
	EndGlobalSection
	GlobalSection(ProjectConfigurationPlatforms) = postSolution
		{5F6CF946-3667-08BE-0573-8FC566D712F8}.Debug|Any CPU.ActiveCfg = Debug|Any CPU
		{5F6CF946-3667-08BE-0573-8FC566D712F8}.Debug|Any CPU.Build.0 = Debug|Any CPU
		{5F6CF946-3667-08BE-0573-8FC566D712F8}.Release|Any CPU.ActiveCfg = Release|Any CPU
		{5F6CF946-3667-08BE-0573-8FC566D712F8}.Release|Any CPU.Build.0 = Release|Any CPU
		{C620B618-D680-27DA-25CC-A4FC0866ED00}.Debug|Any CPU.ActiveCfg = Debug|Any CPU
		{C620B618-D680-27DA-25CC-A4FC0866ED00}.Debug|Any CPU.Build.0 = Debug|Any CPU
		{C620B618-D680-27DA-25CC-A4FC0866ED00}.Release|Any CPU.ActiveCfg = Release|Any CPU
		{C620B618-D680-27DA-25CC-A4FC0866ED00}.Release|Any CPU.Build.0 = Release|Any CPU
		{5C0AEAE1-053C-55E4-3DCB-2802C002CF9C}.Debug|Any CPU.ActiveCfg = Debug|Any CPU
		{5C0AEAE1-053C-55E4-3DCB-2802C002CF9C}.Debug|Any CPU.Build.0 = Debug|Any CPU
		{5C0AEAE1-053C-55E4-3DCB-2802C002CF9C}.Release|Any CPU.ActiveCfg = Release|Any CPU
		{5C0AEAE1-053C-55E4-3DCB-2802C002CF9C}.Release|Any CPU.Build.0 = Release|Any CPU
	EndGlobalSection
	GlobalSection(SolutionProperties) = preSolution
		HideSolutionNode = FALSE
	EndGlobalSection
	GlobalSection(ExtensibilityGlobals) = postSolution
		SolutionGuid = {E21F5389-073B-4DFA-8ED0-72AC0CA6A2A6}
	EndGlobalSection
EndGlobal
